
Microsoft Visual Studio Solution File, Format Version 12.00
# Visual Studio 2012
Project("{FAE04EC0-301F-11D3-BF4B-00C04F79EFBC}") = "SQLtoXMLconverter", "SQLtoXMLconverter.csproj", "{04B14EFF-F5EF-4AA7-B769-8E6A4101E9C7}"
EndProject
Project("{FAE04EC0-301F-11D3-BF4B-00C04F79EFBC}") = "ntec_query_collector_dll", "..\ntec_query_collector_dll\ntec_query_collector_dll.csproj", "{F3269170-C5EB-443A-97E1-1022896F1F47}"
EndProject
Global
	GlobalSection(SolutionConfigurationPlatforms) = preSolution
		Debug|Any CPU = Debug|Any CPU
		Release|Any CPU = Release|Any CPU
	EndGlobalSection
	GlobalSection(ProjectConfigurationPlatforms) = postSolution
		{04B14EFF-F5EF-4AA7-B769-8E6A4101E9C7}.Debug|Any CPU.ActiveCfg = Debug|Any CPU
		{04B14EFF-F5EF-4AA7-B769-8E6A4101E9C7}.Debug|Any CPU.Build.0 = Debug|Any CPU
		{04B14EFF-F5EF-4AA7-B769-8E6A4101E9C7}.Release|Any CPU.ActiveCfg = Release|Any CPU
		{04B14EFF-F5EF-4AA7-B769-8E6A4101E9C7}.Release|Any CPU.Build.0 = Release|Any CPU
		{F3269170-C5EB-443A-97E1-1022896F1F47}.Debug|Any CPU.ActiveCfg = Debug|Any CPU
		{F3269170-C5EB-443A-97E1-1022896F1F47}.Debug|Any CPU.Build.0 = Debug|Any CPU
		{F3269170-C5EB-443A-97E1-1022896F1F47}.Release|Any CPU.ActiveCfg = Release|Any CPU
		{F3269170-C5EB-443A-97E1-1022896F1F47}.Release|Any CPU.Build.0 = Release|Any CPU
	EndGlobalSection
	GlobalSection(SolutionProperties) = preSolution
		HideSolutionNode = FALSE
	EndGlobalSection
EndGlobal
